// !$*UTF8*$!
{
	archiveVersion = 1;
	classes = {
	};
	objectVersion = 56;
	objects = {

/* Begin PBXBuildFile section */
		84826875294642B600FF2678 /* main.cpp in Sources */ = {isa = PBXBuildFile; fileRef = 84826874294642B600FF2678 /* main.cpp */; };
		8482687D294642EE00FF2678 /* square.cpp in Sources */ = {isa = PBXBuildFile; fileRef = 8482687B294642EE00FF2678 /* square.cpp */; };
		84826880294642F500FF2678 /* element.cpp in Sources */ = {isa = PBXBuildFile; fileRef = 8482687E294642F500FF2678 /* element.cpp */; };
		84826883294642FB00FF2678 /* reader.cpp in Sources */ = {isa = PBXBuildFile; fileRef = 84826881294642FB00FF2678 /* reader.cpp */; };
		84826887294651DA00FF2678 /* solver.cpp in Sources */ = {isa = PBXBuildFile; fileRef = 84826885294651DA00FF2678 /* solver.cpp */; };
		8482688A2946527000FF2678 /* board.cpp in Sources */ = {isa = PBXBuildFile; fileRef = 848268882946527000FF2678 /* board.cpp */; };
		8482688C2946535B00FF2678 /* test.cpp in Sources */ = {isa = PBXBuildFile; fileRef = 8482688B2946535B00FF2678 /* test.cpp */; };
/* End PBXBuildFile section */

/* Begin PBXCopyFilesBuildPhase section */
		8482686F294642B600FF2678 /* CopyFiles */ = {
			isa = PBXCopyFilesBuildPhase;
			buildActionMask = 2147483647;
			dstPath = /usr/share/man/man1/;
			dstSubfolderSpec = 0;
			files = (
			);
			runOnlyForDeploymentPostprocessing = 1;
		};
/* End PBXCopyFilesBuildPhase section */

/* Begin PBXFileReference section */
		84826871294642B600FF2678 /* SudokuSolver */ = {isa = PBXFileReference; explicitFileType = "compiled.mach-o.executable"; includeInIndex = 0; path = SudokuSolver; sourceTree = BUILT_PRODUCTS_DIR; };
		84826874294642B600FF2678 /* main.cpp */ = {isa = PBXFileReference; lastKnownFileType = sourcecode.cpp.cpp; path = main.cpp; sourceTree = "<group>"; };
		8482687B294642EE00FF2678 /* square.cpp */ = {isa = PBXFileReference; lastKnownFileType = sourcecode.cpp.cpp; path = square.cpp; sourceTree = "<group>"; };
		8482687C294642EE00FF2678 /* square.hpp */ = {isa = PBXFileReference; lastKnownFileType = sourcecode.cpp.h; path = square.hpp; sourceTree = "<group>"; };
		8482687E294642F500FF2678 /* element.cpp */ = {isa = PBXFileReference; lastKnownFileType = sourcecode.cpp.cpp; path = element.cpp; sourceTree = "<group>"; };
		8482687F294642F500FF2678 /* element.hpp */ = {isa = PBXFileReference; lastKnownFileType = sourcecode.cpp.h; path = element.hpp; sourceTree = "<group>"; };
		84826881294642FB00FF2678 /* reader.cpp */ = {isa = PBXFileReference; lastKnownFileType = sourcecode.cpp.cpp; path = reader.cpp; sourceTree = "<group>"; };
		84826882294642FB00FF2678 /* reader.hpp */ = {isa = PBXFileReference; lastKnownFileType = sourcecode.cpp.h; path = reader.hpp; sourceTree = "<group>"; };
		84826884294643BC00FF2678 /* sudoku.txt */ = {isa = PBXFileReference; lastKnownFileType = text; path = sudoku.txt; sourceTree = "<group>"; };
		84826885294651DA00FF2678 /* solver.cpp */ = {isa = PBXFileReference; lastKnownFileType = sourcecode.cpp.cpp; path = solver.cpp; sourceTree = "<group>"; };
		84826886294651DA00FF2678 /* solver.hpp */ = {isa = PBXFileReference; lastKnownFileType = sourcecode.cpp.h; path = solver.hpp; sourceTree = "<group>"; };
		848268882946527000FF2678 /* board.cpp */ = {isa = PBXFileReference; lastKnownFileType = sourcecode.cpp.cpp; path = board.cpp; sourceTree = "<group>"; };
		848268892946527000FF2678 /* board.hpp */ = {isa = PBXFileReference; lastKnownFileType = sourcecode.cpp.h; path = board.hpp; sourceTree = "<group>"; };
		8482688B2946535B00FF2678 /* test.cpp */ = {isa = PBXFileReference; lastKnownFileType = sourcecode.cpp.cpp; path = test.cpp; sourceTree = "<group>"; };
/* End PBXFileReference section */

/* Begin PBXFrameworksBuildPhase section */
		8482686E294642B600FF2678 /* Frameworks */ = {
			isa = PBXFrameworksBuildPhase;
			buildActionMask = 2147483647;
			files = (
			);
			runOnlyForDeploymentPostprocessing = 0;
		};
/* End PBXFrameworksBuildPhase section */

/* Begin PBXGroup section */
		84826868294642B600FF2678 = {
			isa = PBXGroup;
			children = (
				84826873294642B600FF2678 /* SudokuSolver */,
				84826872294642B600FF2678 /* Products */,
			);
			sourceTree = "<group>";
		};
		84826872294642B600FF2678 /* Products */ = {
			isa = PBXGroup;
			children = (
				84826871294642B600FF2678 /* SudokuSolver */,
			);
			name = Products;
			sourceTree = "<group>";
		};
		84826873294642B600FF2678 /* SudokuSolver */ = {
			isa = PBXGroup;
			children = (
				84826884294643BC00FF2678 /* sudoku.txt */,
				84826874294642B600FF2678 /* main.cpp */,
				8482687B294642EE00FF2678 /* square.cpp */,
				8482687E294642F500FF2678 /* element.cpp */,
				84826881294642FB00FF2678 /* reader.cpp */,
				8482688B2946535B00FF2678 /* test.cpp */,
				848268882946527000FF2678 /* board.cpp */,
				84826885294651DA00FF2678 /* solver.cpp */,
				848268892946527000FF2678 /* board.hpp */,
				84826886294651DA00FF2678 /* solver.hpp */,
				84826882294642FB00FF2678 /* reader.hpp */,
				8482687F294642F500FF2678 /* element.hpp */,
				8482687C294642EE00FF2678 /* square.hpp */,
			);
			path = SudokuSolver;
			sourceTree = "<group>";
		};
/* End PBXGroup section */

/* Begin PBXNativeTarget section */
		84826870294642B600FF2678 /* SudokuSolver */ = {
			isa = PBXNativeTarget;
			buildConfigurationList = 84826878294642B600FF2678 /* Build configuration list for PBXNativeTarget "SudokuSolver" */;
			buildPhases = (
				8482686D294642B600FF2678 /* Sources */,
				8482686E294642B600FF2678 /* Frameworks */,
				8482686F294642B600FF2678 /* CopyFiles */,
			);
			buildRules = (
			);
			dependencies = (
			);
			name = SudokuSolver;
			productName = SudokuSolver;
			productReference = 84826871294642B600FF2678 /* SudokuSolver */;
			productType = "com.apple.product-type.tool";
		};
/* End PBXNativeTarget section */

/* Begin PBXProject section */
		84826869294642B600FF2678 /* Project object */ = {
			isa = PBXProject;
			attributes = {
				BuildIndependentTargetsInParallel = 1;
				LastUpgradeCheck = 1410;
				TargetAttributes = {
					84826870294642B600FF2678 = {
						CreatedOnToolsVersion = 14.1;
					};
				};
			};
			buildConfigurationList = 8482686C294642B600FF2678 /* Build configuration list for PBXProject "SudokuSolver" */;
			compatibilityVersion = "Xcode 14.0";
			developmentRegion = en;
			hasScannedForEncodings = 0;
			knownRegions = (
				en,
				Base,
			);
			mainGroup = 84826868294642B600FF2678;
			productRefGroup = 84826872294642B600FF2678 /* Products */;
			projectDirPath = "";
			projectRoot = "";
			targets = (
				84826870294642B600FF2678 /* SudokuSolver */,
			);
		};
/* End PBXProject section */

/* Begin PBXSourcesBuildPhase section */
		8482686D294642B600FF2678 /* Sources */ = {
			isa = PBXSourcesBuildPhase;
			buildActionMask = 2147483647;
			files = (
				84826887294651DA00FF2678 /* solver.cpp in Sources */,
				8482687D294642EE00FF2678 /* square.cpp in Sources */,
				8482688A2946527000FF2678 /* board.cpp in Sources */,
				84826880294642F500FF2678 /* element.cpp in Sources */,
				84826883294642FB00FF2678 /* reader.cpp in Sources */,
				8482688C2946535B00FF2678 /* test.cpp in Sources */,
				84826875294642B600FF2678 /* main.cpp in Sources */,
			);
			runOnlyForDeploymentPostprocessing = 0;
		};
/* End PBXSourcesBuildPhase section */

/* Begin XCBuildConfiguration section */
		84826876294642B600FF2678 /* Debug */ = {
			isa = XCBuildConfiguration;
			buildSettings = {
				ALWAYS_SEARCH_USER_PATHS = NO;
				CLANG_ANALYZER_NONNULL = YES;
				CLANG_ANALYZER_NUMBER_OBJECT_CONVERSION = YES_AGGRESSIVE;
				CLANG_CXX_LANGUAGE_STANDARD = "gnu++20";
				CLANG_ENABLE_MODULES = YES;
				CLANG_ENABLE_OBJC_ARC = YES;
				CLANG_ENABLE_OBJC_WEAK = YES;
				CLANG_WARN_BLOCK_CAPTURE_AUTORELEASING = YES;
				CLANG_WARN_BOOL_CONVERSION = YES;
				CLANG_WARN_COMMA = YES;
				CLANG_WARN_CONSTANT_CONVERSION = YES;
				CLANG_WARN_DEPRECATED_OBJC_IMPLEMENTATIONS = YES;
				CLANG_WARN_DIRECT_OBJC_ISA_USAGE = YES_ERROR;
				CLANG_WARN_DOCUMENTATION_COMMENTS = YES;
				CLANG_WARN_EMPTY_BODY = YES;
				CLANG_WARN_ENUM_CONVERSION = YES;
				CLANG_WARN_INFINITE_RECURSION = YES;
				CLANG_WARN_INT_CONVERSION = YES;
				CLANG_WARN_NON_LITERAL_NULL_CONVERSION = YES;
				CLANG_WARN_OBJC_IMPLICIT_RETAIN_SELF = YES;
				CLANG_WARN_OBJC_LITERAL_CONVERSION = YES;
				CLANG_WARN_OBJC_ROOT_CLASS = YES_ERROR;
				CLANG_WARN_QUOTED_INCLUDE_IN_FRAMEWORK_HEADER = YES;
				CLANG_WARN_RANGE_LOOP_ANALYSIS = YES;
				CLANG_WARN_STRICT_PROTOTYPES = YES;
				CLANG_WARN_SUSPICIOUS_MOVE = YES;
				CLANG_WARN_UNGUARDED_AVAILABILITY = YES_AGGRESSIVE;
				CLANG_WARN_UNREACHABLE_CODE = YES;
				CLANG_WARN__DUPLICATE_METHOD_MATCH = YES;
				COPY_PHASE_STRIP = NO;
				DEBUG_INFORMATION_FORMAT = dwarf;
				ENABLE_STRICT_OBJC_MSGSEND = YES;
				ENABLE_TESTABILITY = YES;
				GCC_C_LANGUAGE_STANDARD = gnu11;
				GCC_DYNAMIC_NO_PIC = NO;
				GCC_NO_COMMON_BLOCKS = YES;
				GCC_OPTIMIZATION_LEVEL = 0;
				GCC_PREPROCESSOR_DEFINITIONS = (
					"DEBUG=1",
					"$(inherited)",
				);
				GCC_WARN_64_TO_32_BIT_CONVERSION = YES;
				GCC_WARN_ABOUT_RETURN_TYPE = YES_ERROR;
				GCC_WARN_UNDECLARED_SELECTOR = YES;
				GCC_WARN_UNINITIALIZED_AUTOS = YES_AGGRESSIVE;
				GCC_WARN_UNUSED_FUNCTION = YES;
				GCC_WARN_UNUSED_VARIABLE = YES;
				MACOSX_DEPLOYMENT_TARGET = 13.0;
				MTL_ENABLE_DEBUG_INFO = INCLUDE_SOURCE;
				MTL_FAST_MATH = YES;
				ONLY_ACTIVE_ARCH = YES;
				SDKROOT = macosx;
			};
			name = Debug;
		};
		84826877294642B600FF2678 /* Release */ = {
			isa = XCBuildConfiguration;
			buildSettings = {
				ALWAYS_SEARCH_USER_PATHS = NO;
				CLANG_ANALYZER_NONNULL = YES;
				CLANG_ANALYZER_NUMBER_OBJECT_CONVERSION = YES_AGGRESSIVE;
				CLANG_CXX_LANGUAGE_STANDARD = "gnu++20";
				CLANG_ENABLE_MODULES = YES;
				CLANG_ENABLE_OBJC_ARC = YES;
				CLANG_ENABLE_OBJC_WEAK = YES;
				CLANG_WARN_BLOCK_CAPTURE_AUTORELEASING = YES;
				CLANG_WARN_BOOL_CONVERSION = YES;
				CLANG_WARN_COMMA = YES;
				CLANG_WARN_CONSTANT_CONVERSION = YES;
				CLANG_WARN_DEPRECATED_OBJC_IMPLEMENTATIONS = YES;
				CLANG_WARN_DIRECT_OBJC_ISA_USAGE = YES_ERROR;
				CLANG_WARN_DOCUMENTATION_COMMENTS = YES;
				CLANG_WARN_EMPTY_BODY = YES;
				CLANG_WARN_ENUM_CONVERSION = YES;
				CLANG_WARN_INFINITE_RECURSION = YES;
				CLANG_WARN_INT_CONVERSION = YES;
				CLANG_WARN_NON_LITERAL_NULL_CONVERSION = YES;
				CLANG_WARN_OBJC_IMPLICIT_RETAIN_SELF = YES;
				CLANG_WARN_OBJC_LITERAL_CONVERSION = YES;
				CLANG_WARN_OBJC_ROOT_CLASS = YES_ERROR;
				CLANG_WARN_QUOTED_INCLUDE_IN_FRAMEWORK_HEADER = YES;
				CLANG_WARN_RANGE_LOOP_ANALYSIS = YES;
				CLANG_WARN_STRICT_PROTOTYPES = YES;
				CLANG_WARN_SUSPICIOUS_MOVE = YES;
				CLANG_WARN_UNGUARDED_AVAILABILITY = YES_AGGRESSIVE;
				CLANG_WARN_UNREACHABLE_CODE = YES;
				CLANG_WARN__DUPLICATE_METHOD_MATCH = YES;
				COPY_PHASE_STRIP = NO;
				DEBUG_INFORMATION_FORMAT = "dwarf-with-dsym";
				ENABLE_NS_ASSERTIONS = NO;
				ENABLE_STRICT_OBJC_MSGSEND = YES;
				GCC_C_LANGUAGE_STANDARD = gnu11;
				GCC_NO_COMMON_BLOCKS = YES;
				GCC_WARN_64_TO_32_BIT_CONVERSION = YES;
				GCC_WARN_ABOUT_RETURN_TYPE = YES_ERROR;
				GCC_WARN_UNDECLARED_SELECTOR = YES;
				GCC_WARN_UNINITIALIZED_AUTOS = YES_AGGRESSIVE;
				GCC_WARN_UNUSED_FUNCTION = YES;
				GCC_WARN_UNUSED_VARIABLE = YES;
				MACOSX_DEPLOYMENT_TARGET = 13.0;
				MTL_ENABLE_DEBUG_INFO = NO;
				MTL_FAST_MATH = YES;
				SDKROOT = macosx;
			};
			name = Release;
		};
		84826879294642B600FF2678 /* Debug */ = {
			isa = XCBuildConfiguration;
			buildSettings = {
				CODE_SIGN_STYLE = Automatic;
				PRODUCT_NAME = "$(TARGET_NAME)";
			};
			name = Debug;
		};
		8482687A294642B600FF2678 /* Release */ = {
			isa = XCBuildConfiguration;
			buildSettings = {
				CODE_SIGN_STYLE = Automatic;
				PRODUCT_NAME = "$(TARGET_NAME)";
			};
			name = Release;
		};
/* End XCBuildConfiguration section */

/* Begin XCConfigurationList section */
		8482686C294642B600FF2678 /* Build configuration list for PBXProject "SudokuSolver" */ = {
			isa = XCConfigurationList;
			buildConfigurations = (
				84826876294642B600FF2678 /* Debug */,
				84826877294642B600FF2678 /* Release */,
			);
			defaultConfigurationIsVisible = 0;
			defaultConfigurationName = Release;
		};
		84826878294642B600FF2678 /* Build configuration list for PBXNativeTarget "SudokuSolver" */ = {
			isa = XCConfigurationList;
			buildConfigurations = (
				84826879294642B600FF2678 /* Debug */,
				8482687A294642B600FF2678 /* Release */,
			);
			defaultConfigurationIsVisible = 0;
			defaultConfigurationName = Release;
		};
/* End XCConfigurationList section */
	};
	rootObject = 84826869294642B600FF2678 /* Project object */;
}
